<?xml version="1.0" encoding="UTF-8"?>
<CONFIG>
  <ProjectOptions>
    <Version Value="12"/>
    <PathDelim Value="\"/>
    <General>
      <SessionStorage Value="InProjectDir"/>
      <Title Value="Digitaltrainer"/>
      <Scaled Value="True"/>
      <UseAppBundle Value="False"/>
      <ResourceType Value="res"/>
      <UseXPManifest Value="True"/>
      <XPManifest>
        <DpiAware Value="True/PM_V2"/>
        <TextName Value="Schlegel.Digitaltrainer"/>
        <TextDesc Value="Ein Digitaltrainer für spielerische Zwecke"/>
      </XPManifest>
      <Icon Value="0"/>
    </General>
    <VersionInfo>
      <UseVersionInfo Value="True"/>
      <AutoIncrementBuild Value="True"/>
      <MajorVersionNr Value="2"/>
      <MinorVersionNr Value="2"/>
      <RevisionNr Value="3"/>
      <BuildNr Value="9"/>
      <Language Value="0407"/>
      <StringTable Comments="Digitaltrainer" CompanyName="Martin Schlegel" FileDescription="Ein einfacher Digitaltrainer" LegalCopyright="CC BY-SA 3.0"/>
    </VersionInfo>
    <BuildModes>
      <Item Name="Default" Default="True"/>
      <Item Name="opt">
        <CompilerOptions>
          <Version Value="11"/>
          <PathDelim Value="\"/>
          <Target>
            <Filename Value="dt2"/>
          </Target>
          <SearchPaths>
            <IncludeFiles Value="$(ProjOutDir)"/>
            <OtherUnitFiles Value="common"/>
            <UnitOutputDirectory Value="lib\$(TargetCPU)-$(TargetOS)"/>
          </SearchPaths>
          <CodeGeneration>
            <Optimizations>
              <OptimizationLevel Value="3"/>
            </Optimizations>
          </CodeGeneration>
          <Linking>
            <Debugging>
              <GenerateDebugInfo Value="False"/>
              <DebugInfoType Value="dsDwarf2"/>
              <StripSymbols Value="True"/>
            </Debugging>
            <Options>
              <Win32>
                <GraphicApplication Value="True"/>
              </Win32>
            </Options>
          </Linking>
          <Other>
            <OtherDefines Count="1">
              <Define0 Value="debugMode"/>
            </OtherDefines>
          </Other>
        </CompilerOptions>
      </Item>
    </BuildModes>
    <PublishOptions>
      <Version Value="2"/>
      <UseFileFilters Value="True"/>
    </PublishOptions>
    <RunParams>
      <FormatVersion Value="2"/>
    </RunParams>
    <RequiredPackages>
      <Item>
        <PackageName Value="BGRABitmapPack"/>
      </Item>
      <Item>
        <PackageName Value="LCL"/>
      </Item>
    </RequiredPackages>
    <Units>
      <Unit>
        <Filename Value="dt2.lpr"/>
        <IsPartOfProject Value="True"/>
      </Unit>
      <Unit>
        <Filename Value="dtmain.pas"/>
        <IsPartOfProject Value="True"/>
        <ComponentName Value="DigitaltrainerMainForm"/>
        <HasResources Value="True"/>
        <ResourceBaseClass Value="Form"/>
        <UnitName Value="dtMain"/>
      </Unit>
      <Unit>
        <Filename Value="visualgates.pas"/>
        <IsPartOfProject Value="True"/>
        <UnitName Value="visualGates"/>
      </Unit>
      <Unit>
        <Filename Value="logicalgates.pas"/>
        <IsPartOfProject Value="True"/>
        <UnitName Value="logicalGates"/>
      </Unit>
      <Unit>
        <Filename Value="compoundgates.pas"/>
        <IsPartOfProject Value="True"/>
        <UnitName Value="compoundGates"/>
      </Unit>
      <Unit>
        <Filename Value="palettehandling.pas"/>
        <IsPartOfProject Value="True"/>
        <UnitName Value="paletteHandling"/>
      </Unit>
      <Unit>
        <Filename Value="challenges.pas"/>
        <IsPartOfProject Value="True"/>
      </Unit>
      <Unit>
        <Filename Value="addtopaletteui.pas"/>
        <IsPartOfProject Value="True"/>
        <ComponentName Value="AddToPaletteDialog"/>
        <HasResources Value="True"/>
        <ResourceBaseClass Value="Form"/>
        <UnitName Value="addToPaletteUi"/>
      </Unit>
      <Unit>
        <Filename Value="visuals.pas"/>
        <IsPartOfProject Value="True"/>
      </Unit>
      <Unit>
        <Filename Value="workspaces.pas"/>
        <IsPartOfProject Value="True"/>
      </Unit>
      <Unit>
        <Filename Value="wiringutil.pas"/>
        <IsPartOfProject Value="True"/>
        <UnitName Value="wiringUtil"/>
      </Unit>
      <Unit>
        <Filename Value="createchallengeui.pas"/>
        <IsPartOfProject Value="True"/>
        <ComponentName Value="CreateChallengeDialog"/>
        <HasResources Value="True"/>
        <ResourceBaseClass Value="Form"/>
        <UnitName Value="createChallengeUi"/>
      </Unit>
      <Unit>
        <Filename Value="sprites.pas"/>
        <IsPartOfProject Value="True"/>
      </Unit>
      <Unit>
        <Filename Value="visualBoards.inc"/>
        <IsPartOfProject Value="True"/>
      </Unit>
      <Unit>
        <Filename Value="uiAdapters.inc"/>
        <IsPartOfProject Value="True"/>
      </Unit>
      <Unit>
        <Filename Value="gateproperties.pas"/>
        <IsPartOfProject Value="True"/>
        <UnitName Value="gateProperties"/>
      </Unit>
      <Unit>
        <Filename Value="taskhandlingui.pas"/>
        <IsPartOfProject Value="True"/>
        <ComponentName Value="ChallengeHandlingDialog"/>
        <HasResources Value="True"/>
        <ResourceBaseClass Value="Form"/>
        <UnitName Value="taskHandlingUi"/>
      </Unit>
      <Unit>
        <Filename Value="taskfinishedui.pas"/>
        <IsPartOfProject Value="True"/>
        <ComponentName Value="TaskFinishedDialog"/>
        <HasResources Value="True"/>
        <ResourceBaseClass Value="Form"/>
        <UnitName Value="taskFinishedUi"/>
      </Unit>
      <Unit>
        <Filename Value="romeditorunit.pas"/>
        <IsPartOfProject Value="True"/>
        <ComponentName Value="RomEditorForm"/>
        <HasResources Value="True"/>
        <ResourceBaseClass Value="Form"/>
        <UnitName Value="romEditorUnit"/>
      </Unit>
      <Unit>
        <Filename Value="palettehandingui.pas"/>
        <IsPartOfProject Value="True"/>
        <ComponentName Value="PaletteHandlingDialog"/>
        <HasResources Value="True"/>
        <ResourceBaseClass Value="Form"/>
        <UnitName Value="paletteHandingUi"/>
      </Unit>
      <Unit>
        <Filename Value="testframeui.pas"/>
        <IsPartOfProject Value="True"/>
        <ComponentName Value="TestCreationFrame"/>
        <HasResources Value="True"/>
        <ResourceBaseClass Value="Frame"/>
        <UnitName Value="testFrameUI"/>
      </Unit>
      <Unit>
        <Filename Value="boardtestunit.pas"/>
        <IsPartOfProject Value="True"/>
        <ComponentName Value="BoardTestForm"/>
        <HasResources Value="True"/>
        <ResourceBaseClass Value="Form"/>
        <UnitName Value="boardTestUnit"/>
      </Unit>
      <Unit>
        <Filename Value="boardchangedui.pas"/>
        <IsPartOfProject Value="True"/>
        <ComponentName Value="boardChangedDialog"/>
        <HasResources Value="True"/>
        <ResourceBaseClass Value="Form"/>
        <UnitName Value="boardChangedUi"/>
      </Unit>
      <Unit>
        <Filename Value="welcomedialog.pas"/>
        <IsPartOfProject Value="True"/>
        <ComponentName Value="FirstStartForm"/>
        <HasResources Value="True"/>
        <ResourceBaseClass Value="Form"/>
        <UnitName Value="welcomeDialog"/>
      </Unit>
      <Unit>
        <Filename Value="restoreworkspaceui.pas"/>
        <IsPartOfProject Value="True"/>
        <ComponentName Value="RestoreWorkspaceDialog"/>
        <HasResources Value="True"/>
        <ResourceBaseClass Value="Form"/>
        <UnitName Value="RestoreWorkspaceUi"/>
      </Unit>
      <Unit>
        <Filename Value="paletteimportui.pas"/>
        <IsPartOfProject Value="True"/>
        <ComponentName Value="PaletteImportForm"/>
        <HasResources Value="True"/>
        <ResourceBaseClass Value="Form"/>
        <UnitName Value="paletteImportUi"/>
      </Unit>
      <Unit>
        <Filename Value="duplicateremovalui.pas"/>
        <IsPartOfProject Value="True"/>
        <ComponentName Value="DuplicateRemovalDialog"/>
        <HasResources Value="True"/>
        <ResourceBaseClass Value="Form"/>
        <UnitName Value="duplicateRemovalUi"/>
      </Unit>
      <Unit>
        <Filename Value="aboutui.pas"/>
        <IsPartOfProject Value="True"/>
        <ComponentName Value="AboutDialog"/>
        <HasResources Value="True"/>
        <ResourceBaseClass Value="Form"/>
        <UnitName Value="aboutUi"/>
      </Unit>
    </Units>
  </ProjectOptions>
  <CompilerOptions>
    <Version Value="11"/>
    <PathDelim Value="\"/>
    <Target>
      <Filename Value="dt2"/>
    </Target>
    <SearchPaths>
      <IncludeFiles Value="$(ProjOutDir)"/>
      <OtherUnitFiles Value="common"/>
      <UnitOutputDirectory Value="lib\$(TargetCPU)-$(TargetOS)"/>
    </SearchPaths>
    <Parsing>
      <SyntaxOptions>
        <IncludeAssertionCode Value="True"/>
      </SyntaxOptions>
    </Parsing>
    <CodeGeneration>
      <Checks>
        <IOChecks Value="True"/>
        <RangeChecks Value="True"/>
        <OverflowChecks Value="True"/>
        <StackChecks Value="True"/>
      </Checks>
      <VerifyObjMethodCallValidity Value="True"/>
    </CodeGeneration>
    <Linking>
      <Debugging>
        <DebugInfoType Value="dsDwarf2"/>
        <UseHeaptrc Value="True"/>
        <TrashVariables Value="True"/>
      </Debugging>
    </Linking>
    <Other>
      <CustomOptions Value="-ddebugMode"/>
      <OtherDefines Count="1">
        <Define0 Value="debugMode"/>
      </OtherDefines>
    </Other>
  </CompilerOptions>
</CONFIG>
